
Microsoft Visual Studio Solution File, Format Version 12.00
# Visual Studio 15
Project("{FAE04EC0-301F-11D3-BF4B-00C04F79EFBC}") = "MySuperBank", "MySuperBank\MySuperBank.csproj", "{936BFDC1-0BDD-41FD-9CD1-374178D6C435}"
EndProject
Global
	GlobalSection(SolutionConfigurationPlatforms) = preSolution
		Debug|anycpu = Debug|anycpu
		Release|anycpu = Release|anycpu
	EndGlobalSection
	GlobalSection(ProjectConfigurationPlatforms) = postSolution
		{936BFDC1-0BDD-41FD-9CD1-374178D6C435}.Debug|anycpu.ActiveCfg = Debug|anycpu
		{936BFDC1-0BDD-41FD-9CD1-374178D6C435}.Debug|anycpu.Build.0 = Debug|anycpu
		{936BFDC1-0BDD-41FD-9CD1-374178D6C435}.Release|anycpu.ActiveCfg = Release|anycpu
		{936BFDC1-0BDD-41FD-9CD1-374178D6C435}.Release|anycpu.Build.0 = Release|anycpu
	EndGlobalSection
EndGlobal
